
Microsoft Visual Studio Solution File, Format Version 12.00
# Visual Studio Version 16
VisualStudioVersion = 16.0.30907.101
MinimumVisualStudioVersion = 10.0.40219.1
Project("{FAE04EC0-301F-11D3-BF4B-00C04F79EFBC}") = "ControleFinanceiro.UWP", "ControleFinanceiro.UWP\ControleFinanceiro.UWP.csproj", "{515071ED-3548-4FF4-AB44-A6A1AE17F1E2}"
EndProject
Project("{FAE04EC0-301F-11D3-BF4B-00C04F79EFBC}") = "ControleFinanceiro.Android", "ControleFinanceiro.Android\ControleFinanceiro.Android.csproj", "{019CE33F-987E-4459-A8D2-450EDD4773E8}"
EndProject
Project("{FAE04EC0-301F-11D3-BF4B-00C04F79EFBC}") = "ControleFinanceiro.iOS", "ControleFinanceiro.iOS\ControleFinanceiro.iOS.csproj", "{A6C8857F-4F91-4247-A635-FA9CC762AE16}"
EndProject
Project("{FAE04EC0-301F-11D3-BF4B-00C04F79EFBC}") = "ControleFinanceiro", "ControleFinanceiro\ControleFinanceiro.csproj", "{81832A7A-EB00-4D8C-BC32-68F6AAC43F0B}"
EndProject
Global
	GlobalSection(SolutionConfigurationPlatforms) = preSolution
		Debug|Any CPU = Debug|Any CPU
		Debug|ARM = Debug|ARM
		Debug|iPhone = Debug|iPhone
		Debug|iPhoneSimulator = Debug|iPhoneSimulator
		Debug|x64 = Debug|x64
		Debug|x86 = Debug|x86
		Release|Any CPU = Release|Any CPU
		Release|ARM = Release|ARM
		Release|iPhone = Release|iPhone
		Release|iPhoneSimulator = Release|iPhoneSimulator
		Release|x64 = Release|x64
		Release|x86 = Release|x86
	EndGlobalSection
	GlobalSection(ProjectConfigurationPlatforms) = postSolution
		{515071ED-3548-4FF4-AB44-A6A1AE17F1E2}.Debug|Any CPU.ActiveCfg = Debug|x86
		{515071ED-3548-4FF4-AB44-A6A1AE17F1E2}.Debug|Any CPU.Build.0 = Debug|x86
		{515071ED-3548-4FF4-AB44-A6A1AE17F1E2}.Debug|Any CPU.Deploy.0 = Debug|x86
		{515071ED-3548-4FF4-AB44-A6A1AE17F1E2}.Debug|ARM.ActiveCfg = Debug|ARM
		{515071ED-3548-4FF4-AB44-A6A1AE17F1E2}.Debug|ARM.Build.0 = Debug|ARM
		{515071ED-3548-4FF4-AB44-A6A1AE17F1E2}.Debug|ARM.Deploy.0 = Debug|ARM
		{515071ED-3548-4FF4-AB44-A6A1AE17F1E2}.Debug|iPhone.ActiveCfg = Debug|x86
		{515071ED-3548-4FF4-AB44-A6A1AE17F1E2}.Debug|iPhone.Build.0 = Debug|x86
		{515071ED-3548-4FF4-AB44-A6A1AE17F1E2}.Debug|iPhone.Deploy.0 = Debug|x86
		{515071ED-3548-4FF4-AB44-A6A1AE17F1E2}.Debug|iPhoneSimulator.ActiveCfg = Debug|x86
		{515071ED-3548-4FF4-AB44-A6A1AE17F1E2}.Debug|iPhoneSimulator.Build.0 = Debug|x86
		{515071ED-3548-4FF4-AB44-A6A1AE17F1E2}.Debug|iPhoneSimulator.Deploy.0 = Debug|x86
		{515071ED-3548-4FF4-AB44-A6A1AE17F1E2}.Debug|x64.ActiveCfg = Debug|x64
		{515071ED-3548-4FF4-AB44-A6A1AE17F1E2}.Debug|x64.Build.0 = Debug|x64
		{515071ED-3548-4FF4-AB44-A6A1AE17F1E2}.Debug|x64.Deploy.0 = Debug|x64
		{515071ED-3548-4FF4-AB44-A6A1AE17F1E2}.Debug|x86.ActiveCfg = Debug|x86
		{515071ED-3548-4FF4-AB44-A6A1AE17F1E2}.Debug|x86.Build.0 = Debug|x86
		{515071ED-3548-4FF4-AB44-A6A1AE17F1E2}.Debug|x86.Deploy.0 = Debug|x86
		{515071ED-3548-4FF4-AB44-A6A1AE17F1E2}.Release|Any CPU.ActiveCfg = Release|x86
		{515071ED-3548-4FF4-AB44-A6A1AE17F1E2}.Release|Any CPU.Build.0 = Release|x86
		{515071ED-3548-4FF4-AB44-A6A1AE17F1E2}.Release|Any CPU.Deploy.0 = Release|x86
		{515071ED-3548-4FF4-AB44-A6A1AE17F1E2}.Release|ARM.ActiveCfg = Release|ARM
		{515071ED-3548-4FF4-AB44-A6A1AE17F1E2}.Release|ARM.Build.0 = Release|ARM
		{515071ED-3548-4FF4-AB44-A6A1AE17F1E2}.Release|ARM.Deploy.0 = Release|ARM
		{515071ED-3548-4FF4-AB44-A6A1AE17F1E2}.Release|iPhone.ActiveCfg = Release|x86
		{515071ED-3548-4FF4-AB44-A6A1AE17F1E2}.Release|iPhone.Build.0 = Release|x86
		{515071ED-3548-4FF4-AB44-A6A1AE17F1E2}.Release|iPhone.Deploy.0 = Release|x86
		{515071ED-3548-4FF4-AB44-A6A1AE17F1E2}.Release|iPhoneSimulator.ActiveCfg = Release|x86
		{515071ED-3548-4FF4-AB44-A6A1AE17F1E2}.Release|iPhoneSimulator.Build.0 = Release|x86
		{515071ED-3548-4FF4-AB44-A6A1AE17F1E2}.Release|iPhoneSimulator.Deploy.0 = Release|x86
		{515071ED-3548-4FF4-AB44-A6A1AE17F1E2}.Release|x64.ActiveCfg = Release|x64
		{515071ED-3548-4FF4-AB44-A6A1AE17F1E2}.Release|x64.Build.0 = Release|x64
		{515071ED-3548-4FF4-AB44-A6A1AE17F1E2}.Release|x64.Deploy.0 = Release|x64
		{515071ED-3548-4FF4-AB44-A6A1AE17F1E2}.Release|x86.ActiveCfg = Release|x86
		{515071ED-3548-4FF4-AB44-A6A1AE17F1E2}.Release|x86.Build.0 = Release|x86
		{515071ED-3548-4FF4-AB44-A6A1AE17F1E2}.Release|x86.Deploy.0 = Release|x86
		{019CE33F-987E-4459-A8D2-450EDD4773E8}.Debug|Any CPU.ActiveCfg = Debug|Any CPU
		{019CE33F-987E-4459-A8D2-450EDD4773E8}.Debug|Any CPU.Build.0 = Debug|Any CPU
		{019CE33F-987E-4459-A8D2-450EDD4773E8}.Debug|Any CPU.Deploy.0 = Debug|Any CPU
		{019CE33F-987E-4459-A8D2-450EDD4773E8}.Debug|ARM.ActiveCfg = Debug|Any CPU
		{019CE33F-987E-4459-A8D2-450EDD4773E8}.Debug|ARM.Build.0 = Debug|Any CPU
		{019CE33F-987E-4459-A8D2-450EDD4773E8}.Debug|ARM.Deploy.0 = Debug|Any CPU
		{019CE33F-987E-4459-A8D2-450EDD4773E8}.Debug|iPhone.ActiveCfg = Debug|Any CPU
		{019CE33F-987E-4459-A8D2-450EDD4773E8}.Debug|iPhone.Build.0 = Debug|Any CPU
		{019CE33F-987E-4459-A8D2-450EDD4773E8}.Debug|iPhone.Deploy.0 = Debug|Any CPU
		{019CE33F-987E-4459-A8D2-450EDD4773E8}.Debug|iPhoneSimulator.ActiveCfg = Debug|Any CPU
		{019CE33F-987E-4459-A8D2-450EDD4773E8}.Debug|iPhoneSimulator.Build.0 = Debug|Any CPU
		{019CE33F-987E-4459-A8D2-450EDD4773E8}.Debug|iPhoneSimulator.Deploy.0 = Debug|Any CPU
		{019CE33F-987E-4459-A8D2-450EDD4773E8}.Debug|x64.ActiveCfg = Debug|Any CPU
		{019CE33F-987E-4459-A8D2-450EDD4773E8}.Debug|x64.Build.0 = Debug|Any CPU
		{019CE33F-987E-4459-A8D2-450EDD4773E8}.Debug|x64.Deploy.0 = Debug|Any CPU
		{019CE33F-987E-4459-A8D2-450EDD4773E8}.Debug|x86.ActiveCfg = Debug|Any CPU
		{019CE33F-987E-4459-A8D2-450EDD4773E8}.Debug|x86.Build.0 = Debug|Any CPU
		{019CE33F-987E-4459-A8D2-450EDD4773E8}.Debug|x86.Deploy.0 = Debug|Any CPU
		{019CE33F-987E-4459-A8D2-450EDD4773E8}.Release|Any CPU.ActiveCfg = Release|Any CPU
		{019CE33F-987E-4459-A8D2-450EDD4773E8}.Release|Any CPU.Build.0 = Release|Any CPU
		{019CE33F-987E-4459-A8D2-450EDD4773E8}.Release|Any CPU.Deploy.0 = Release|Any CPU
		{019CE33F-987E-4459-A8D2-450EDD4773E8}.Release|ARM.ActiveCfg = Release|Any CPU
		{019CE33F-987E-4459-A8D2-450EDD4773E8}.Release|ARM.Build.0 = Release|Any CPU
		{019CE33F-987E-4459-A8D2-450EDD4773E8}.Release|ARM.Deploy.0 = Release|Any CPU
		{019CE33F-987E-4459-A8D2-450EDD4773E8}.Release|iPhone.ActiveCfg = Release|Any CPU
		{019CE33F-987E-4459-A8D2-450EDD4773E8}.Release|iPhone.Build.0 = Release|Any CPU
		{019CE33F-987E-4459-A8D2-450EDD4773E8}.Release|iPhone.Deploy.0 = Release|Any CPU
		{019CE33F-987E-4459-A8D2-450EDD4773E8}.Release|iPhoneSimulator.ActiveCfg = Release|Any CPU
		{019CE33F-987E-4459-A8D2-450EDD4773E8}.Release|iPhoneSimulator.Build.0 = Release|Any CPU
		{019CE33F-987E-4459-A8D2-450EDD4773E8}.Release|iPhoneSimulator.Deploy.0 = Release|Any CPU
		{019CE33F-987E-4459-A8D2-450EDD4773E8}.Release|x64.ActiveCfg = Release|Any CPU
		{019CE33F-987E-4459-A8D2-450EDD4773E8}.Release|x64.Build.0 = Release|Any CPU
		{019CE33F-987E-4459-A8D2-450EDD4773E8}.Release|x64.Deploy.0 = Release|Any CPU
		{019CE33F-987E-4459-A8D2-450EDD4773E8}.Release|x86.ActiveCfg = Release|Any CPU
		{019CE33F-987E-4459-A8D2-450EDD4773E8}.Release|x86.Build.0 = Release|Any CPU
		{019CE33F-987E-4459-A8D2-450EDD4773E8}.Release|x86.Deploy.0 = Release|Any CPU
		{A6C8857F-4F91-4247-A635-FA9CC762AE16}.Debug|Any CPU.ActiveCfg = Debug|iPhoneSimulator
		{A6C8857F-4F91-4247-A635-FA9CC762AE16}.Debug|Any CPU.Build.0 = Debug|iPhoneSimulator
		{A6C8857F-4F91-4247-A635-FA9CC762AE16}.Debug|Any CPU.Deploy.0 = Debug|iPhoneSimulator
		{A6C8857F-4F91-4247-A635-FA9CC762AE16}.Debug|ARM.ActiveCfg = Debug|iPhone
		{A6C8857F-4F91-4247-A635-FA9CC762AE16}.Debug|ARM.Build.0 = Debug|iPhone
		{A6C8857F-4F91-4247-A635-FA9CC762AE16}.Debug|ARM.Deploy.0 = Debug|iPhone
		{A6C8857F-4F91-4247-A635-FA9CC762AE16}.Debug|iPhone.ActiveCfg = Debug|iPhone
		{A6C8857F-4F91-4247-A635-FA9CC762AE16}.Debug|iPhone.Build.0 = Debug|iPhone
		{A6C8857F-4F91-4247-A635-FA9CC762AE16}.Debug|iPhone.Deploy.0 = Debug|iPhone
		{A6C8857F-4F91-4247-A635-FA9CC762AE16}.Debug|iPhoneSimulator.ActiveCfg = Debug|iPhoneSimulator
		{A6C8857F-4F91-4247-A635-FA9CC762AE16}.Debug|iPhoneSimulator.Build.0 = Debug|iPhoneSimulator
		{A6C8857F-4F91-4247-A635-FA9CC762AE16}.Debug|iPhoneSimulator.Deploy.0 = Debug|iPhoneSimulator
		{A6C8857F-4F91-4247-A635-FA9CC762AE16}.Debug|x64.ActiveCfg = Debug|iPhoneSimulator
		{A6C8857F-4F91-4247-A635-FA9CC762AE16}.Debug|x64.Build.0 = Debug|iPhoneSimulator
		{A6C8857F-4F91-4247-A635-FA9CC762AE16}.Debug|x64.Deploy.0 = Debug|iPhoneSimulator
		{A6C8857F-4F91-4247-A635-FA9CC762AE16}.Debug|x86.ActiveCfg = Debug|iPhoneSimulator
		{A6C8857F-4F91-4247-A635-FA9CC762AE16}.Debug|x86.Build.0 = Debug|iPhoneSimulator
		{A6C8857F-4F91-4247-A635-FA9CC762AE16}.Debug|x86.Deploy.0 = Debug|iPhoneSimulator
		{A6C8857F-4F91-4247-A635-FA9CC762AE16}.Release|Any CPU.ActiveCfg = Release|iPhoneSimulator
		{A6C8857F-4F91-4247-A635-FA9CC762AE16}.Release|Any CPU.Build.0 = Release|iPhoneSimulator
		{A6C8857F-4F91-4247-A635-FA9CC762AE16}.Release|Any CPU.Deploy.0 = Release|iPhoneSimulator
		{A6C8857F-4F91-4247-A635-FA9CC762AE16}.Release|ARM.ActiveCfg = Release|iPhoneSimulator
		{A6C8857F-4F91-4247-A635-FA9CC762AE16}.Release|ARM.Build.0 = Release|iPhoneSimulator
		{A6C8857F-4F91-4247-A635-FA9CC762AE16}.Release|ARM.Deploy.0 = Release|iPhoneSimulator
		{A6C8857F-4F91-4247-A635-FA9CC762AE16}.Release|iPhone.ActiveCfg = Release|iPhone
		{A6C8857F-4F91-4247-A635-FA9CC762AE16}.Release|iPhone.Build.0 = Release|iPhone
		{A6C8857F-4F91-4247-A635-FA9CC762AE16}.Release|iPhone.Deploy.0 = Release|iPhone
		{A6C8857F-4F91-4247-A635-FA9CC762AE16}.Release|iPhoneSimulator.ActiveCfg = Release|iPhoneSimulator
		{A6C8857F-4F91-4247-A635-FA9CC762AE16}.Release|iPhoneSimulator.Build.0 = Release|iPhoneSimulator
		{A6C8857F-4F91-4247-A635-FA9CC762AE16}.Release|iPhoneSimulator.Deploy.0 = Release|iPhoneSimulator
		{A6C8857F-4F91-4247-A635-FA9CC762AE16}.Release|x64.ActiveCfg = Release|iPhoneSimulator
		{A6C8857F-4F91-4247-A635-FA9CC762AE16}.Release|x64.Build.0 = Release|iPhoneSimulator
		{A6C8857F-4F91-4247-A635-FA9CC762AE16}.Release|x64.Deploy.0 = Release|iPhoneSimulator
		{A6C8857F-4F91-4247-A635-FA9CC762AE16}.Release|x86.ActiveCfg = Release|iPhoneSimulator
		{A6C8857F-4F91-4247-A635-FA9CC762AE16}.Release|x86.Build.0 = Release|iPhoneSimulator
		{A6C8857F-4F91-4247-A635-FA9CC762AE16}.Release|x86.Deploy.0 = Release|iPhoneSimulator
		{81832A7A-EB00-4D8C-BC32-68F6AAC43F0B}.Debug|Any CPU.ActiveCfg = Debug|Any CPU
		{81832A7A-EB00-4D8C-BC32-68F6AAC43F0B}.Debug|Any CPU.Build.0 = Debug|Any CPU
		{81832A7A-EB00-4D8C-BC32-68F6AAC43F0B}.Debug|Any CPU.Deploy.0 = Debug|Any CPU
		{81832A7A-EB00-4D8C-BC32-68F6AAC43F0B}.Debug|ARM.ActiveCfg = Debug|Any CPU
		{81832A7A-EB00-4D8C-BC32-68F6AAC43F0B}.Debug|ARM.Build.0 = Debug|Any CPU
		{81832A7A-EB00-4D8C-BC32-68F6AAC43F0B}.Debug|ARM.Deploy.0 = Debug|Any CPU
		{81832A7A-EB00-4D8C-BC32-68F6AAC43F0B}.Debug|iPhone.ActiveCfg = Debug|Any CPU
		{81832A7A-EB00-4D8C-BC32-68F6AAC43F0B}.Debug|iPhone.Build.0 = Debug|Any CPU
		{81832A7A-EB00-4D8C-BC32-68F6AAC43F0B}.Debug|iPhone.Deploy.0 = Debug|Any CPU
		{81832A7A-EB00-4D8C-BC32-68F6AAC43F0B}.Debug|iPhoneSimulator.ActiveCfg = Debug|Any CPU
		{81832A7A-EB00-4D8C-BC32-68F6AAC43F0B}.Debug|iPhoneSimulator.Build.0 = Debug|Any CPU
		{81832A7A-EB00-4D8C-BC32-68F6AAC43F0B}.Debug|iPhoneSimulator.Deploy.0 = Debug|Any CPU
		{81832A7A-EB00-4D8C-BC32-68F6AAC43F0B}.Debug|x64.ActiveCfg = Debug|Any CPU
		{81832A7A-EB00-4D8C-BC32-68F6AAC43F0B}.Debug|x64.Build.0 = Debug|Any CPU
		{81832A7A-EB00-4D8C-BC32-68F6AAC43F0B}.Debug|x64.Deploy.0 = Debug|Any CPU
		{81832A7A-EB00-4D8C-BC32-68F6AAC43F0B}.Debug|x86.ActiveCfg = Debug|Any CPU
		{81832A7A-EB00-4D8C-BC32-68F6AAC43F0B}.Debug|x86.Build.0 = Debug|Any CPU
		{81832A7A-EB00-4D8C-BC32-68F6AAC43F0B}.Debug|x86.Deploy.0 = Debug|Any CPU
		{81832A7A-EB00-4D8C-BC32-68F6AAC43F0B}.Release|Any CPU.ActiveCfg = Release|Any CPU
		{81832A7A-EB00-4D8C-BC32-68F6AAC43F0B}.Release|Any CPU.Build.0 = Release|Any CPU
		{81832A7A-EB00-4D8C-BC32-68F6AAC43F0B}.Release|Any CPU.Deploy.0 = Release|Any CPU
		{81832A7A-EB00-4D8C-BC32-68F6AAC43F0B}.Release|ARM.ActiveCfg = Release|Any CPU
		{81832A7A-EB00-4D8C-BC32-68F6AAC43F0B}.Release|ARM.Build.0 = Release|Any CPU
		{81832A7A-EB00-4D8C-BC32-68F6AAC43F0B}.Release|ARM.Deploy.0 = Release|Any CPU
		{81832A7A-EB00-4D8C-BC32-68F6AAC43F0B}.Release|iPhone.ActiveCfg = Release|Any CPU
		{81832A7A-EB00-4D8C-BC32-68F6AAC43F0B}.Release|iPhone.Build.0 = Release|Any CPU
		{81832A7A-EB00-4D8C-BC32-68F6AAC43F0B}.Release|iPhone.Deploy.0 = Release|Any CPU
		{81832A7A-EB00-4D8C-BC32-68F6AAC43F0B}.Release|iPhoneSimulator.ActiveCfg = Release|Any CPU
		{81832A7A-EB00-4D8C-BC32-68F6AAC43F0B}.Release|iPhoneSimulator.Build.0 = Release|Any CPU
		{81832A7A-EB00-4D8C-BC32-68F6AAC43F0B}.Release|iPhoneSimulator.Deploy.0 = Release|Any CPU
		{81832A7A-EB00-4D8C-BC32-68F6AAC43F0B}.Release|x64.ActiveCfg = Release|Any CPU
		{81832A7A-EB00-4D8C-BC32-68F6AAC43F0B}.Release|x64.Build.0 = Release|Any CPU
		{81832A7A-EB00-4D8C-BC32-68F6AAC43F0B}.Release|x64.Deploy.0 = Release|Any CPU
		{81832A7A-EB00-4D8C-BC32-68F6AAC43F0B}.Release|x86.ActiveCfg = Release|Any CPU
		{81832A7A-EB00-4D8C-BC32-68F6AAC43F0B}.Release|x86.Build.0 = Release|Any CPU
		{81832A7A-EB00-4D8C-BC32-68F6AAC43F0B}.Release|x86.Deploy.0 = Release|Any CPU
	EndGlobalSection
	GlobalSection(SolutionProperties) = preSolution
		HideSolutionNode = FALSE
	EndGlobalSection
	GlobalSection(ExtensibilityGlobals) = postSolution
		SolutionGuid = {E002CBEE-A8DE-41C6-B7CF-D4E2A0717963}
	EndGlobalSection
EndGlobal
